
Microsoft Visual Studio Solution File, Format Version 12.00
# Visual Studio Version 16
VisualStudioVersion = 16.0.31702.278
MinimumVisualStudioVersion = 10.0.40219.1
Project("{9A19103F-16F7-4668-BE54-9A1E7A4F7556}") = "MessageBroker", "MessageBroker\MessageBroker.csproj", "{3BFFFB4A-6FDD-4E2F-BD25-48E3299DAE02}"
EndProject
Project("{9A19103F-16F7-4668-BE54-9A1E7A4F7556}") = "CustomEvents", "CustomEvents\CustomEvents.csproj", "{B7A32397-1891-445D-9735-E2754AAFFABA}"
EndProject
Project("{9A19103F-16F7-4668-BE54-9A1E7A4F7556}") = "MessageTemplates", "MessageTemplates\MessageTemplates.csproj", "{B5F20CB1-56B2-42BE-97C0-509CBA8D03BD}"
EndProject
Project("{54435603-DBB4-11D2-8724-00A0C9A8B90C}") = "StockPredictor", "StockPredictor\StockPredictor.vdproj", "{662EB71F-ECFC-4D7D-BEBC-F9671E34F04A}"
EndProject
Project("{9A19103F-16F7-4668-BE54-9A1E7A4F7556}") = "StockValuesPredictor", "StockValuesPredictor\StockValuesPredictor.csproj", "{808BCA39-5081-49A8-B1DF-A0AE4F540453}"
EndProject
Global
	GlobalSection(SolutionConfigurationPlatforms) = preSolution
		Debug|Any CPU = Debug|Any CPU
		Release|Any CPU = Release|Any CPU
	EndGlobalSection
	GlobalSection(ProjectConfigurationPlatforms) = postSolution
		{3BFFFB4A-6FDD-4E2F-BD25-48E3299DAE02}.Debug|Any CPU.ActiveCfg = Debug|Any CPU
		{3BFFFB4A-6FDD-4E2F-BD25-48E3299DAE02}.Debug|Any CPU.Build.0 = Debug|Any CPU
		{3BFFFB4A-6FDD-4E2F-BD25-48E3299DAE02}.Release|Any CPU.ActiveCfg = Release|Any CPU
		{3BFFFB4A-6FDD-4E2F-BD25-48E3299DAE02}.Release|Any CPU.Build.0 = Release|Any CPU
		{B7A32397-1891-445D-9735-E2754AAFFABA}.Debug|Any CPU.ActiveCfg = Debug|Any CPU
		{B7A32397-1891-445D-9735-E2754AAFFABA}.Debug|Any CPU.Build.0 = Debug|Any CPU
		{B7A32397-1891-445D-9735-E2754AAFFABA}.Release|Any CPU.ActiveCfg = Release|Any CPU
		{B7A32397-1891-445D-9735-E2754AAFFABA}.Release|Any CPU.Build.0 = Release|Any CPU
		{B5F20CB1-56B2-42BE-97C0-509CBA8D03BD}.Debug|Any CPU.ActiveCfg = Debug|Any CPU
		{B5F20CB1-56B2-42BE-97C0-509CBA8D03BD}.Debug|Any CPU.Build.0 = Debug|Any CPU
		{B5F20CB1-56B2-42BE-97C0-509CBA8D03BD}.Release|Any CPU.ActiveCfg = Release|Any CPU
		{B5F20CB1-56B2-42BE-97C0-509CBA8D03BD}.Release|Any CPU.Build.0 = Release|Any CPU
		{662EB71F-ECFC-4D7D-BEBC-F9671E34F04A}.Debug|Any CPU.ActiveCfg = Debug
		{662EB71F-ECFC-4D7D-BEBC-F9671E34F04A}.Debug|Any CPU.Build.0 = Debug
		{662EB71F-ECFC-4D7D-BEBC-F9671E34F04A}.Release|Any CPU.ActiveCfg = Release
		{662EB71F-ECFC-4D7D-BEBC-F9671E34F04A}.Release|Any CPU.Build.0 = Release
		{808BCA39-5081-49A8-B1DF-A0AE4F540453}.Debug|Any CPU.ActiveCfg = Debug|Any CPU
		{808BCA39-5081-49A8-B1DF-A0AE4F540453}.Debug|Any CPU.Build.0 = Debug|Any CPU
		{808BCA39-5081-49A8-B1DF-A0AE4F540453}.Release|Any CPU.ActiveCfg = Release|Any CPU
		{808BCA39-5081-49A8-B1DF-A0AE4F540453}.Release|Any CPU.Build.0 = Release|Any CPU
	EndGlobalSection
	GlobalSection(SolutionProperties) = preSolution
		HideSolutionNode = FALSE
	EndGlobalSection
	GlobalSection(ExtensibilityGlobals) = postSolution
		SolutionGuid = {66E41B19-979B-453A-A7C3-D47F71DC8CA9}
	EndGlobalSection
EndGlobal
